{
  "projects": [
    {
      "projectId": "caTPwKxj5ZrD9LQ7DMdK4Z",
      "version": "3.40.0",
      "dependencies": {},
      "lang": "js",
      "fileLocks": [
        {
          "assetId": "caTPwKxj5ZrD9LQ7DMdK4Z",
          "type": "projectCss",
          "checksum": "1c02168c6b23256606111fdfdbb63549"
        }
      ],
      "codegenVersion": "0.0.1"
    },
    {
      "projectId": "ohDidvG9XsCeFumugENU3J",
      "version": "6.29.0",
      "dependencies": {},
      "lang": "js",
      "fileLocks": [
        {
          "assetId": "ohDidvG9XsCeFumugENU3J",
          "type": "projectCss",
          "checksum": "ba2a60a163fca4f4d510275088a2be53"
        },
        {
          "assetId": "ohDidvG9XsCeFumugENU3J",
          "checksum": "de0a0e65174a6a185a8f822af51c6bdd",
          "type": "globalContexts"
        }
      ],
      "codegenVersion": "0.0.1"
    },
    {
      "projectId": "q72kFJDPbi6GCvfvYJFAr",
      "version": "latest",
      "dependencies": {
        "ohDidvG9XsCeFumugENU3J": "6.29.0",
        "caTPwKxj5ZrD9LQ7DMdK4Z": "3.40.0"
      },
      "lang": "js",
      "fileLocks": [
        {
          "type": "globalVariant",
          "assetId": "wN0X0o3PYUPG",
          "checksum": "d3d1bb816380bcb47c54902e292c7a72"
        },
        {
          "assetId": "q72kFJDPbi6GCvfvYJFAr",
          "type": "projectCss",
          "checksum": "39687445c092e5feeb8a08d0a225e2ee"
        },
        {
          "assetId": "q72kFJDPbi6GCvfvYJFAr",
          "checksum": "3b87c7420d45868159255df5b41826f3",
          "type": "globalContexts"
        },
        {
          "type": "renderModule",
          "assetId": "DPFmRTP_MelR",
          "checksum": "f2cffbe640b97924515656dab5419ffa"
        },
        {
          "type": "cssRules",
          "assetId": "DPFmRTP_MelR",
          "checksum": "f2cffbe640b97924515656dab5419ffa"
        },
        {
          "type": "renderModule",
          "assetId": "BJ5uREdrA1yX",
          "checksum": "8eb4750e8242ba9ad22250813dcaf020"
        },
        {
          "type": "cssRules",
          "assetId": "BJ5uREdrA1yX",
          "checksum": "8eb4750e8242ba9ad22250813dcaf020"
        },
        {
          "type": "renderModule",
          "assetId": "FsgKuOMK6GHf",
          "checksum": "2d919db3f86f89fd3e7fac11e734a34f"
        },
        {
          "type": "cssRules",
          "assetId": "FsgKuOMK6GHf",
          "checksum": "2d919db3f86f89fd3e7fac11e734a34f"
        },
        {
          "type": "renderModule",
          "assetId": "MklyWbpb4Loe",
          "checksum": "4c62d7bee1c5cf23d94c4a095d5a497f"
        },
        {
          "type": "cssRules",
          "assetId": "MklyWbpb4Loe",
          "checksum": "4c62d7bee1c5cf23d94c4a095d5a497f"
        },
        {
          "type": "renderModule",
          "assetId": "JfncXTA_wE1v",
          "checksum": "a722a706fa8e9b5d58626f3c5a886c28"
        },
        {
          "type": "cssRules",
          "assetId": "JfncXTA_wE1v",
          "checksum": "a722a706fa8e9b5d58626f3c5a886c28"
        },
        {
          "type": "renderModule",
          "assetId": "bbtps6nNPDXa",
          "checksum": "4f98f7738aa900a2a39006322713d173"
        },
        {
          "type": "cssRules",
          "assetId": "bbtps6nNPDXa",
          "checksum": "4f98f7738aa900a2a39006322713d173"
        },
        {
          "type": "renderModule",
          "assetId": "fpXbpiSnmBO-",
          "checksum": "ce7474391075c639513df7df94ced393"
        },
        {
          "type": "cssRules",
          "assetId": "fpXbpiSnmBO-",
          "checksum": "ce7474391075c639513df7df94ced393"
        },
        {
          "type": "renderModule",
          "assetId": "O4s2HovUStCB",
          "checksum": "8f6ec320944a6bd619fda0d7da9dc52b"
        },
        {
          "type": "cssRules",
          "assetId": "O4s2HovUStCB",
          "checksum": "8f6ec320944a6bd619fda0d7da9dc52b"
        },
        {
          "type": "renderModule",
          "assetId": "9MXOK3-AcYt3",
          "checksum": "00eb3563f3b4d8d75ab2df83c4c3dfcc"
        },
        {
          "type": "cssRules",
          "assetId": "9MXOK3-AcYt3",
          "checksum": "00eb3563f3b4d8d75ab2df83c4c3dfcc"
        },
        {
          "type": "renderModule",
          "assetId": "U9frm_L2ehi5",
          "checksum": "a33e575707cbcd2efe5d1b8804529616"
        },
        {
          "type": "cssRules",
          "assetId": "U9frm_L2ehi5",
          "checksum": "a33e575707cbcd2efe5d1b8804529616"
        },
        {
          "type": "renderModule",
          "assetId": "_Tht8caCxNZy",
          "checksum": "1ff6d0c837127e9345ae7ae2b4b9bd9e"
        },
        {
          "type": "cssRules",
          "assetId": "_Tht8caCxNZy",
          "checksum": "1ff6d0c837127e9345ae7ae2b4b9bd9e"
        },
        {
          "type": "renderModule",
          "assetId": "WW8SK_BcqV2e",
          "checksum": "54b223e7d60815d60a54ecc0b7ab79c0"
        },
        {
          "type": "cssRules",
          "assetId": "WW8SK_BcqV2e",
          "checksum": "54b223e7d60815d60a54ecc0b7ab79c0"
        },
        {
          "type": "renderModule",
          "assetId": "50vNi0gryDKI",
          "checksum": "e97d1df6652c3e9130f4d5c1fd145306"
        },
        {
          "type": "cssRules",
          "assetId": "50vNi0gryDKI",
          "checksum": "e97d1df6652c3e9130f4d5c1fd145306"
        },
        {
          "type": "renderModule",
          "assetId": "h8hz_EMUXkY8",
          "checksum": "62e5ca731d2dd64d4b72a2cd514b8a6f"
        },
        {
          "type": "cssRules",
          "assetId": "h8hz_EMUXkY8",
          "checksum": "62e5ca731d2dd64d4b72a2cd514b8a6f"
        },
        {
          "type": "renderModule",
          "assetId": "vgQwxTiemZob",
          "checksum": "ae8f343e417eb53a74dbee9431ab3948"
        },
        {
          "type": "cssRules",
          "assetId": "vgQwxTiemZob",
          "checksum": "ae8f343e417eb53a74dbee9431ab3948"
        },
        {
          "type": "renderModule",
          "assetId": "-g5QrskyYsGT",
          "checksum": "46c374dc5d2cd5dba9016b98490205b2"
        },
        {
          "type": "cssRules",
          "assetId": "-g5QrskyYsGT",
          "checksum": "46c374dc5d2cd5dba9016b98490205b2"
        },
        {
          "type": "renderModule",
          "assetId": "9rYZhv6KftkW",
          "checksum": "1334c3a298a3a8f5519a6190a211220e"
        },
        {
          "type": "cssRules",
          "assetId": "9rYZhv6KftkW",
          "checksum": "1334c3a298a3a8f5519a6190a211220e"
        },
        {
          "type": "renderModule",
          "assetId": "nup1Y90UTHlf",
          "checksum": "7c7072101c1be096766d9597d5d73938"
        },
        {
          "type": "cssRules",
          "assetId": "nup1Y90UTHlf",
          "checksum": "7c7072101c1be096766d9597d5d73938"
        },
        {
          "type": "renderModule",
          "assetId": "yjSNZw6YMfdV",
          "checksum": "7eddb05b6256ed7d3a4524344c615d8d"
        },
        {
          "type": "cssRules",
          "assetId": "yjSNZw6YMfdV",
          "checksum": "7eddb05b6256ed7d3a4524344c615d8d"
        },
        {
          "type": "renderModule",
          "assetId": "UD8YGzXRU9qJ",
          "checksum": "aea56edbd5f3c8433aa03fca6a5e1125"
        },
        {
          "type": "cssRules",
          "assetId": "UD8YGzXRU9qJ",
          "checksum": "aea56edbd5f3c8433aa03fca6a5e1125"
        },
        {
          "type": "renderModule",
          "assetId": "a-ewkiFlnPO9",
          "checksum": "7b37a0550e317a0b711b2afd74fd90a2"
        },
        {
          "type": "cssRules",
          "assetId": "a-ewkiFlnPO9",
          "checksum": "7b37a0550e317a0b711b2afd74fd90a2"
        },
        {
          "type": "renderModule",
          "assetId": "M_gYYx2QQYTC",
          "checksum": "5805bd72f1393ef6ddb0c4d720a6c444"
        },
        {
          "type": "cssRules",
          "assetId": "M_gYYx2QQYTC",
          "checksum": "5805bd72f1393ef6ddb0c4d720a6c444"
        },
        {
          "type": "renderModule",
          "assetId": "JkrZoI10Ed6-",
          "checksum": "edafcd49db9e3762b291425677d79f61"
        },
        {
          "type": "cssRules",
          "assetId": "JkrZoI10Ed6-",
          "checksum": "edafcd49db9e3762b291425677d79f61"
        },
        {
          "type": "renderModule",
          "assetId": "CdeIO13Fp2F6",
          "checksum": "e3056f9c84e96fc200f5062efd93d58f"
        },
        {
          "type": "cssRules",
          "assetId": "CdeIO13Fp2F6",
          "checksum": "e3056f9c84e96fc200f5062efd93d58f"
        },
        {
          "type": "renderModule",
          "assetId": "N9yXMVXjhCvo",
          "checksum": "e4cc161c1056ce32cd8983a4f6156e31"
        },
        {
          "type": "cssRules",
          "assetId": "N9yXMVXjhCvo",
          "checksum": "e4cc161c1056ce32cd8983a4f6156e31"
        },
        {
          "type": "renderModule",
          "assetId": "IU-nkL7oShLN",
          "checksum": "1a1fc6ab06bd58d2dd24115b9fed7c6a"
        },
        {
          "type": "cssRules",
          "assetId": "IU-nkL7oShLN",
          "checksum": "1a1fc6ab06bd58d2dd24115b9fed7c6a"
        },
        {
          "type": "renderModule",
          "assetId": "fAqiWcnGTpxI",
          "checksum": "a1379dee2fb396f2c6a7ac04a50f571b"
        },
        {
          "type": "cssRules",
          "assetId": "fAqiWcnGTpxI",
          "checksum": "a1379dee2fb396f2c6a7ac04a50f571b"
        },
        {
          "type": "renderModule",
          "assetId": "tI9-Gk7Bb1ew",
          "checksum": "d204c59d20eb56f089d27939094aebee"
        },
        {
          "type": "cssRules",
          "assetId": "tI9-Gk7Bb1ew",
          "checksum": "d204c59d20eb56f089d27939094aebee"
        },
        {
          "type": "renderModule",
          "assetId": "KnlHsXX2aGOo",
          "checksum": "43613e95e9b67f5d2fc01d64621b1923"
        },
        {
          "type": "cssRules",
          "assetId": "KnlHsXX2aGOo",
          "checksum": "43613e95e9b67f5d2fc01d64621b1923"
        },
        {
          "type": "renderModule",
          "assetId": "27UV0xTioSRX",
          "checksum": "cc775fe858bc48555b940cccf1216605"
        },
        {
          "type": "cssRules",
          "assetId": "27UV0xTioSRX",
          "checksum": "cc775fe858bc48555b940cccf1216605"
        },
        {
          "type": "renderModule",
          "assetId": "3-2MTnP-Mjo2",
          "checksum": "5ab45aaaa40fd2e11e5c4cc813cc788e"
        },
        {
          "type": "cssRules",
          "assetId": "3-2MTnP-Mjo2",
          "checksum": "5ab45aaaa40fd2e11e5c4cc813cc788e"
        },
        {
          "type": "renderModule",
          "assetId": "blo-oUFnNI5x",
          "checksum": "f5d666a985be42f8c46407a89305ef32"
        },
        {
          "type": "cssRules",
          "assetId": "blo-oUFnNI5x",
          "checksum": "f5d666a985be42f8c46407a89305ef32"
        },
        {
          "type": "renderModule",
          "assetId": "LUgzpn1W7K_f",
          "checksum": "a1641d95379cf80f31c0a623fefa4868"
        },
        {
          "type": "cssRules",
          "assetId": "LUgzpn1W7K_f",
          "checksum": "a1641d95379cf80f31c0a623fefa4868"
        },
        {
          "type": "renderModule",
          "assetId": "oNYs1kJmnTzr",
          "checksum": "537de3f9cb5578ef3ffc835b68b80c42"
        },
        {
          "type": "cssRules",
          "assetId": "oNYs1kJmnTzr",
          "checksum": "537de3f9cb5578ef3ffc835b68b80c42"
        },
        {
          "type": "renderModule",
          "assetId": "wlsMNQiC49Ar",
          "checksum": "93b750e9e8184f823648eef8ce77fd23"
        },
        {
          "type": "cssRules",
          "assetId": "wlsMNQiC49Ar",
          "checksum": "93b750e9e8184f823648eef8ce77fd23"
        },
        {
          "type": "renderModule",
          "assetId": "HyDseDZGZYaA",
          "checksum": "2c43556598e9aef604b68ad128416137"
        },
        {
          "type": "cssRules",
          "assetId": "HyDseDZGZYaA",
          "checksum": "2c43556598e9aef604b68ad128416137"
        },
        {
          "type": "renderModule",
          "assetId": "7pAfmQRDKSha",
          "checksum": "aede239f085f2b011720601098f62cc5"
        },
        {
          "type": "cssRules",
          "assetId": "7pAfmQRDKSha",
          "checksum": "aede239f085f2b011720601098f62cc5"
        },
        {
          "type": "icon",
          "assetId": "dvQacr3a1XEp",
          "checksum": "8be774ec3f608e9f5815ad735ebfb2e5"
        },
        {
          "type": "icon",
          "assetId": "9SrnwV0vLHn5",
          "checksum": "83c9c2e8d0ef4859cea272320cdf7654"
        },
        {
          "type": "icon",
          "assetId": "qotX-DNfbN_1",
          "checksum": "74ad2e1da92fa870369c03529da0b62d"
        },
        {
          "type": "icon",
          "assetId": "Z1LXLo4bKHeY",
          "checksum": "c956184181447e14b9e13e71956ff093"
        },
        {
          "type": "icon",
          "assetId": "XR0o_14XqZWZ",
          "checksum": "460ff74a371add9d9797dbc4d58734d8"
        },
        {
          "type": "icon",
          "assetId": "wkXYxqyF7cVZ",
          "checksum": "ffdb8a1a486d8027332f6e0f0b60f50a"
        },
        {
          "type": "icon",
          "assetId": "ELqq-jeBGyqj",
          "checksum": "ad741713c2b660a01c036f292d34ea2f"
        },
        {
          "type": "icon",
          "assetId": "keVPfelNWnjJ",
          "checksum": "e5b17ee39ac137ff08d64c143191c525"
        },
        {
          "type": "icon",
          "assetId": "lDKASLc9WTOH",
          "checksum": "cb8bf3288b078ea173a4c8c3ff2f6257"
        },
        {
          "type": "image",
          "assetId": "JABiq-57MvUg",
          "checksum": "ea6011a3b7b5874020d19760101c23d1"
        },
        {
          "type": "image",
          "assetId": "LYOKQgAGtOSn",
          "checksum": "335ef9cb85fac1a3b5100dd0b2226b18"
        },
        {
          "type": "image",
          "assetId": "9eOrRb8wCYFu",
          "checksum": "3f7f8bc5c59e1c2a45a68b9eff08bcec"
        },
        {
          "type": "image",
          "assetId": "x3Pyr0gCH8eY",
          "checksum": "8aaff5f360ea77c4556c5c80381fddf9"
        },
        {
          "type": "image",
          "assetId": "NALixfXSbf5G",
          "checksum": "849293cc451dfc969dd1951a19360aa1"
        },
        {
          "type": "image",
          "assetId": "8aIPmCUFasEz",
          "checksum": "4d0e22fd0db97e48417ea3de7e12c445"
        },
        {
          "type": "image",
          "assetId": "NC_d6C_F_YMq",
          "checksum": "2cb99d5b20a79a7940ed50f8ceb454f3"
        },
        {
          "type": "image",
          "assetId": "u38iK27pfZ72",
          "checksum": "94e71d73e9af0d8f254cda4b437d2875"
        },
        {
          "type": "image",
          "assetId": "DbcjUoh5dMjj",
          "checksum": "c88bade00b328b5338537a2ab821d9ff"
        }
      ],
      "codegenVersion": "0.0.1"
    }
  ],
  "cliVersion": "0.1.336"
}
